
Microsoft Visual Studio Solution File, Format Version 12.00
# Visual Studio Version 17
VisualStudioVersion = 17.3.32929.385
MinimumVisualStudioVersion = 10.0.40219.1
Project("{9A19103F-16F7-4668-BE54-9A1E7A4F7556}") = "Splitted-backend", "Splitted-backend\Splitted-backend.csproj", "{D2CD5D25-4B57-423E-87E1-3E09E2F15399}"
EndProject
Project("{9A19103F-16F7-4668-BE54-9A1E7A4F7556}") = "CsvConversion", "CsvConversion\CsvConversion.csproj", "{75887C63-75A2-400F-B385-3C7DBF6BF29C}"
EndProject
Project("{9A19103F-16F7-4668-BE54-9A1E7A4F7556}") = "Models", "Models\Models.csproj", "{813F8623-8047-461B-9126-396F529F4331}"
EndProject
Project("{9A19103F-16F7-4668-BE54-9A1E7A4F7556}") = "AuthenticationServer", "AuthenticationServer\AuthenticationServer.csproj", "{603CF80D-8653-4C20-B30B-B035CE7BB81A}"
EndProject
Project("{9A19103F-16F7-4668-BE54-9A1E7A4F7556}") = "ExternalServices", "ExternalServices\ExternalServices.csproj", "{B948C21A-9C5D-42BC-BD39-F5CD326EFC99}"
EndProject
Project("{9A19103F-16F7-4668-BE54-9A1E7A4F7556}") = "AIService", "AIService\AIService.csproj", "{4C969CFB-595D-4BEC-8A7E-9765F4A84D8F}"
EndProject
Project("{9A19103F-16F7-4668-BE54-9A1E7A4F7556}") = "SplittedUnitTests", "SplittedUnitTests\SplittedUnitTests.csproj", "{99A540AC-A436-4A39-BB07-9BB7679C1B5D}"
EndProject
Project("{9A19103F-16F7-4668-BE54-9A1E7A4F7556}") = "SplittedIntegrationTests", "SplittedIntegrationTests\SplittedIntegrationTests.csproj", "{000CB8BF-C2DF-451D-B41B-1AF2ABEDCE30}"
EndProject
Global
	GlobalSection(SolutionConfigurationPlatforms) = preSolution
		Debug|Any CPU = Debug|Any CPU
		Release|Any CPU = Release|Any CPU
	EndGlobalSection
	GlobalSection(ProjectConfigurationPlatforms) = postSolution
		{D2CD5D25-4B57-423E-87E1-3E09E2F15399}.Debug|Any CPU.ActiveCfg = Debug|Any CPU
		{D2CD5D25-4B57-423E-87E1-3E09E2F15399}.Debug|Any CPU.Build.0 = Debug|Any CPU
		{D2CD5D25-4B57-423E-87E1-3E09E2F15399}.Release|Any CPU.ActiveCfg = Release|Any CPU
		{D2CD5D25-4B57-423E-87E1-3E09E2F15399}.Release|Any CPU.Build.0 = Release|Any CPU
		{75887C63-75A2-400F-B385-3C7DBF6BF29C}.Debug|Any CPU.ActiveCfg = Debug|Any CPU
		{75887C63-75A2-400F-B385-3C7DBF6BF29C}.Debug|Any CPU.Build.0 = Debug|Any CPU
		{75887C63-75A2-400F-B385-3C7DBF6BF29C}.Release|Any CPU.ActiveCfg = Release|Any CPU
		{75887C63-75A2-400F-B385-3C7DBF6BF29C}.Release|Any CPU.Build.0 = Release|Any CPU
		{813F8623-8047-461B-9126-396F529F4331}.Debug|Any CPU.ActiveCfg = Debug|Any CPU
		{813F8623-8047-461B-9126-396F529F4331}.Debug|Any CPU.Build.0 = Debug|Any CPU
		{813F8623-8047-461B-9126-396F529F4331}.Release|Any CPU.ActiveCfg = Release|Any CPU
		{813F8623-8047-461B-9126-396F529F4331}.Release|Any CPU.Build.0 = Release|Any CPU
		{603CF80D-8653-4C20-B30B-B035CE7BB81A}.Debug|Any CPU.ActiveCfg = Debug|Any CPU
		{603CF80D-8653-4C20-B30B-B035CE7BB81A}.Debug|Any CPU.Build.0 = Debug|Any CPU
		{603CF80D-8653-4C20-B30B-B035CE7BB81A}.Release|Any CPU.ActiveCfg = Release|Any CPU
		{603CF80D-8653-4C20-B30B-B035CE7BB81A}.Release|Any CPU.Build.0 = Release|Any CPU
		{B948C21A-9C5D-42BC-BD39-F5CD326EFC99}.Debug|Any CPU.ActiveCfg = Debug|Any CPU
		{B948C21A-9C5D-42BC-BD39-F5CD326EFC99}.Debug|Any CPU.Build.0 = Debug|Any CPU
		{B948C21A-9C5D-42BC-BD39-F5CD326EFC99}.Release|Any CPU.ActiveCfg = Release|Any CPU
		{B948C21A-9C5D-42BC-BD39-F5CD326EFC99}.Release|Any CPU.Build.0 = Release|Any CPU
		{4C969CFB-595D-4BEC-8A7E-9765F4A84D8F}.Debug|Any CPU.ActiveCfg = Debug|Any CPU
		{4C969CFB-595D-4BEC-8A7E-9765F4A84D8F}.Debug|Any CPU.Build.0 = Debug|Any CPU
		{4C969CFB-595D-4BEC-8A7E-9765F4A84D8F}.Release|Any CPU.ActiveCfg = Release|Any CPU
		{4C969CFB-595D-4BEC-8A7E-9765F4A84D8F}.Release|Any CPU.Build.0 = Release|Any CPU
		{99A540AC-A436-4A39-BB07-9BB7679C1B5D}.Debug|Any CPU.ActiveCfg = Debug|Any CPU
		{99A540AC-A436-4A39-BB07-9BB7679C1B5D}.Debug|Any CPU.Build.0 = Debug|Any CPU
		{99A540AC-A436-4A39-BB07-9BB7679C1B5D}.Release|Any CPU.ActiveCfg = Release|Any CPU
		{99A540AC-A436-4A39-BB07-9BB7679C1B5D}.Release|Any CPU.Build.0 = Release|Any CPU
		{000CB8BF-C2DF-451D-B41B-1AF2ABEDCE30}.Debug|Any CPU.ActiveCfg = Debug|Any CPU
		{000CB8BF-C2DF-451D-B41B-1AF2ABEDCE30}.Debug|Any CPU.Build.0 = Debug|Any CPU
		{000CB8BF-C2DF-451D-B41B-1AF2ABEDCE30}.Release|Any CPU.ActiveCfg = Release|Any CPU
		{000CB8BF-C2DF-451D-B41B-1AF2ABEDCE30}.Release|Any CPU.Build.0 = Release|Any CPU
	EndGlobalSection
	GlobalSection(SolutionProperties) = preSolution
		HideSolutionNode = FALSE
	EndGlobalSection
	GlobalSection(ExtensibilityGlobals) = postSolution
		SolutionGuid = {FEB36269-0A80-4DCC-BA6A-9BEB8CCB0DD7}
	EndGlobalSection
EndGlobal
